// !$*UTF8*$!
{
	archiveVersion = 1;
	classes = {
	};
	objectVersion = 56;
	objects = {

/* Begin PBXBuildFile section */
		F87160572BEFCB8200229971 /* AppDelegate.swift in Sources */ = {isa = PBXBuildFile; fileRef = F87160562BEFCB8200229971 /* AppDelegate.swift */; };
		F87160592BEFCB8200229971 /* SceneDelegate.swift in Sources */ = {isa = PBXBuildFile; fileRef = F87160582BEFCB8200229971 /* SceneDelegate.swift */; };
		F871605E2BEFCB8200229971 /* Main.storyboard in Resources */ = {isa = PBXBuildFile; fileRef = F871605C2BEFCB8200229971 /* Main.storyboard */; };
		F87160602BEFCB8300229971 /* Assets.xcassets in Resources */ = {isa = PBXBuildFile; fileRef = F871605F2BEFCB8300229971 /* Assets.xcassets */; };
		F87160632BEFCB8300229971 /* LaunchScreen.storyboard in Resources */ = {isa = PBXBuildFile; fileRef = F87160612BEFCB8300229971 /* LaunchScreen.storyboard */; };
		F871606B2BEFCBAA00229971 /* ViewController.swift in Sources */ = {isa = PBXBuildFile; fileRef = F871606A2BEFCBA900229971 /* ViewController.swift */; };
		F87160702BEFCBBD00229971 /* MockData.swift in Sources */ = {isa = PBXBuildFile; fileRef = F871606D2BEFCBBD00229971 /* MockData.swift */; };
		F87160712BEFCBBD00229971 /* Components.swift in Sources */ = {isa = PBXBuildFile; fileRef = F871606F2BEFCBBD00229971 /* Components.swift */; };
		F871C7832BEFCDE10084CDEF /* Swipe in Frameworks */ = {isa = PBXBuildFile; productRef = F871C7822BEFCDE10084CDEF /* Swipe */; };
		F871C7852BEFCDE10084CDEF /* UIComponentSwipe in Frameworks */ = {isa = PBXBuildFile; productRef = F871C7842BEFCDE10084CDEF /* UIComponentSwipe */; };
/* End PBXBuildFile section */

/* Begin PBXFileReference section */
		F87160532BEFCB8200229971 /* SwipeExample.app */ = {isa = PBXFileReference; explicitFileType = wrapper.application; includeInIndex = 0; path = SwipeExample.app; sourceTree = BUILT_PRODUCTS_DIR; };
		F87160562BEFCB8200229971 /* AppDelegate.swift */ = {isa = PBXFileReference; lastKnownFileType = sourcecode.swift; path = AppDelegate.swift; sourceTree = "<group>"; };
		F87160582BEFCB8200229971 /* SceneDelegate.swift */ = {isa = PBXFileReference; lastKnownFileType = sourcecode.swift; path = SceneDelegate.swift; sourceTree = "<group>"; };
		F871605D2BEFCB8200229971 /* Base */ = {isa = PBXFileReference; lastKnownFileType = file.storyboard; name = Base; path = Base.lproj/Main.storyboard; sourceTree = "<group>"; };
		F871605F2BEFCB8300229971 /* Assets.xcassets */ = {isa = PBXFileReference; lastKnownFileType = folder.assetcatalog; path = Assets.xcassets; sourceTree = "<group>"; };
		F87160622BEFCB8300229971 /* Base */ = {isa = PBXFileReference; lastKnownFileType = file.storyboard; name = Base; path = Base.lproj/LaunchScreen.storyboard; sourceTree = "<group>"; };
		F87160642BEFCB8300229971 /* Info.plist */ = {isa = PBXFileReference; lastKnownFileType = text.plist.xml; path = Info.plist; sourceTree = "<group>"; };
		F871606A2BEFCBA900229971 /* ViewController.swift */ = {isa = PBXFileReference; fileEncoding = 4; lastKnownFileType = sourcecode.swift; path = ViewController.swift; sourceTree = "<group>"; };
		F871606D2BEFCBBD00229971 /* MockData.swift */ = {isa = PBXFileReference; fileEncoding = 4; lastKnownFileType = sourcecode.swift; path = MockData.swift; sourceTree = "<group>"; };
		F871606F2BEFCBBD00229971 /* Components.swift */ = {isa = PBXFileReference; fileEncoding = 4; lastKnownFileType = sourcecode.swift; path = Components.swift; sourceTree = "<group>"; };
		F871C7812BEFCD400084CDEF /* Swipe */ = {isa = PBXFileReference; lastKnownFileType = wrapper; name = Swipe; path = ..; sourceTree = "<group>"; };
/* End PBXFileReference section */

/* Begin PBXFrameworksBuildPhase section */
		F87160502BEFCB8200229971 /* Frameworks */ = {
			isa = PBXFrameworksBuildPhase;
			buildActionMask = 2147483647;
			files = (
				F871C7832BEFCDE10084CDEF /* Swipe in Frameworks */,
				F871C7852BEFCDE10084CDEF /* UIComponentSwipe in Frameworks */,
			);
			runOnlyForDeploymentPostprocessing = 0;
		};
/* End PBXFrameworksBuildPhase section */

/* Begin PBXGroup section */
		F871604A2BEFCB8200229971 = {
			isa = PBXGroup;
			children = (
				F87160552BEFCB8200229971 /* SwipeExample */,
				F87160542BEFCB8200229971 /* Products */,
				F871C7802BEFCD400084CDEF /* Frameworks */,
			);
			sourceTree = "<group>";
		};
		F87160542BEFCB8200229971 /* Products */ = {
			isa = PBXGroup;
			children = (
				F87160532BEFCB8200229971 /* SwipeExample.app */,
			);
			name = Products;
			sourceTree = "<group>";
		};
		F87160552BEFCB8200229971 /* SwipeExample */ = {
			isa = PBXGroup;
			children = (
				F871606E2BEFCBBD00229971 /* Components */,
				F871606C2BEFCBBD00229971 /* Data */,
				F87160562BEFCB8200229971 /* AppDelegate.swift */,
				F87160582BEFCB8200229971 /* SceneDelegate.swift */,
				F871606A2BEFCBA900229971 /* ViewController.swift */,
				F871605C2BEFCB8200229971 /* Main.storyboard */,
				F871605F2BEFCB8300229971 /* Assets.xcassets */,
				F87160612BEFCB8300229971 /* LaunchScreen.storyboard */,
				F87160642BEFCB8300229971 /* Info.plist */,
			);
			path = SwipeExample;
			sourceTree = "<group>";
		};
		F871606C2BEFCBBD00229971 /* Data */ = {
			isa = PBXGroup;
			children = (
				F871606D2BEFCBBD00229971 /* MockData.swift */,
			);
			path = Data;
			sourceTree = "<group>";
		};
		F871606E2BEFCBBD00229971 /* Components */ = {
			isa = PBXGroup;
			children = (
				F871606F2BEFCBBD00229971 /* Components.swift */,
			);
			path = Components;
			sourceTree = "<group>";
		};
		F871C7802BEFCD400084CDEF /* Frameworks */ = {
			isa = PBXGroup;
			children = (
				F871C7812BEFCD400084CDEF /* Swipe */,
			);
			name = Frameworks;
			sourceTree = "<group>";
		};
/* End PBXGroup section */

/* Begin PBXNativeTarget section */
		F87160522BEFCB8200229971 /* SwipeExample */ = {
			isa = PBXNativeTarget;
			buildConfigurationList = F87160672BEFCB8300229971 /* Build configuration list for PBXNativeTarget "SwipeExample" */;
			buildPhases = (
				F871604F2BEFCB8200229971 /* Sources */,
				F87160502BEFCB8200229971 /* Frameworks */,
				F87160512BEFCB8200229971 /* Resources */,
			);
			buildRules = (
			);
			dependencies = (
			);
			name = SwipeExample;
			packageProductDependencies = (
				F871C7822BEFCDE10084CDEF /* Swipe */,
				F871C7842BEFCDE10084CDEF /* UIComponentSwipe */,
			);
			productName = SwipeExample;
			productReference = F87160532BEFCB8200229971 /* SwipeExample.app */;
			productType = "com.apple.product-type.application";
		};
/* End PBXNativeTarget section */

/* Begin PBXProject section */
		F871604B2BEFCB8200229971 /* Project object */ = {
			isa = PBXProject;
			attributes = {
				BuildIndependentTargetsInParallel = 1;
				LastSwiftUpdateCheck = 1520;
				LastUpgradeCheck = 1640;
				TargetAttributes = {
					F87160522BEFCB8200229971 = {
						CreatedOnToolsVersion = 15.2;
					};
				};
			};
			buildConfigurationList = F871604E2BEFCB8200229971 /* Build configuration list for PBXProject "SwipeExample" */;
			compatibilityVersion = "Xcode 14.0";
			developmentRegion = en;
			hasScannedForEncodings = 0;
			knownRegions = (
				en,
				Base,
			);
			mainGroup = F871604A2BEFCB8200229971;
			packageReferences = (
			);
			productRefGroup = F87160542BEFCB8200229971 /* Products */;
			projectDirPath = "";
			projectRoot = "";
			targets = (
				F87160522BEFCB8200229971 /* SwipeExample */,
			);
		};
/* End PBXProject section */

/* Begin PBXResourcesBuildPhase section */
		F87160512BEFCB8200229971 /* Resources */ = {
			isa = PBXResourcesBuildPhase;
			buildActionMask = 2147483647;
			files = (
				F87160632BEFCB8300229971 /* LaunchScreen.storyboard in Resources */,
				F87160602BEFCB8300229971 /* Assets.xcassets in Resources */,
				F871605E2BEFCB8200229971 /* Main.storyboard in Resources */,
			);
			runOnlyForDeploymentPostprocessing = 0;
		};
/* End PBXResourcesBuildPhase section */

/* Begin PBXSourcesBuildPhase section */
		F871604F2BEFCB8200229971 /* Sources */ = {
			isa = PBXSourcesBuildPhase;
			buildActionMask = 2147483647;
			files = (
				F871606B2BEFCBAA00229971 /* ViewController.swift in Sources */,
				F87160702BEFCBBD00229971 /* MockData.swift in Sources */,
				F87160712BEFCBBD00229971 /* Components.swift in Sources */,
				F87160572BEFCB8200229971 /* AppDelegate.swift in Sources */,
				F87160592BEFCB8200229971 /* SceneDelegate.swift in Sources */,
			);
			runOnlyForDeploymentPostprocessing = 0;
		};
/* End PBXSourcesBuildPhase section */

/* Begin PBXVariantGroup section */
		F871605C2BEFCB8200229971 /* Main.storyboard */ = {
			isa = PBXVariantGroup;
			children = (
				F871605D2BEFCB8200229971 /* Base */,
			);
			name = Main.storyboard;
			sourceTree = "<group>";
		};
		F87160612BEFCB8300229971 /* LaunchScreen.storyboard */ = {
			isa = PBXVariantGroup;
			children = (
				F87160622BEFCB8300229971 /* Base */,
			);
			name = LaunchScreen.storyboard;
			sourceTree = "<group>";
		};
/* End PBXVariantGroup section */

/* Begin XCBuildConfiguration section */
		F87160652BEFCB8300229971 /* Debug */ = {
			isa = XCBuildConfiguration;
			buildSettings = {
				ALWAYS_SEARCH_USER_PATHS = NO;
				ASSETCATALOG_COMPILER_GENERATE_SWIFT_ASSET_SYMBOL_EXTENSIONS = YES;
				CLANG_ANALYZER_NONNULL = YES;
				CLANG_ANALYZER_NUMBER_OBJECT_CONVERSION = YES_AGGRESSIVE;
				CLANG_CXX_LANGUAGE_STANDARD = "gnu++20";
				CLANG_ENABLE_MODULES = YES;
				CLANG_ENABLE_OBJC_ARC = YES;
				CLANG_ENABLE_OBJC_WEAK = YES;
				CLANG_WARN_BLOCK_CAPTURE_AUTORELEASING = YES;
				CLANG_WARN_BOOL_CONVERSION = YES;
				CLANG_WARN_COMMA = YES;
				CLANG_WARN_CONSTANT_CONVERSION = YES;
				CLANG_WARN_DEPRECATED_OBJC_IMPLEMENTATIONS = YES;
				CLANG_WARN_DIRECT_OBJC_ISA_USAGE = YES_ERROR;
				CLANG_WARN_DOCUMENTATION_COMMENTS = YES;
				CLANG_WARN_EMPTY_BODY = YES;
				CLANG_WARN_ENUM_CONVERSION = YES;
				CLANG_WARN_INFINITE_RECURSION = YES;
				CLANG_WARN_INT_CONVERSION = YES;
				CLANG_WARN_NON_LITERAL_NULL_CONVERSION = YES;
				CLANG_WARN_OBJC_IMPLICIT_RETAIN_SELF = YES;
				CLANG_WARN_OBJC_LITERAL_CONVERSION = YES;
				CLANG_WARN_OBJC_ROOT_CLASS = YES_ERROR;
				CLANG_WARN_QUOTED_INCLUDE_IN_FRAMEWORK_HEADER = YES;
				CLANG_WARN_RANGE_LOOP_ANALYSIS = YES;
				CLANG_WARN_STRICT_PROTOTYPES = YES;
				CLANG_WARN_SUSPICIOUS_MOVE = YES;
				CLANG_WARN_UNGUARDED_AVAILABILITY = YES_AGGRESSIVE;
				CLANG_WARN_UNREACHABLE_CODE = YES;
				CLANG_WARN__DUPLICATE_METHOD_MATCH = YES;
				COPY_PHASE_STRIP = NO;
				DEBUG_INFORMATION_FORMAT = dwarf;
				DEVELOPMENT_TEAM = YNJLN87BST;
				ENABLE_STRICT_OBJC_MSGSEND = YES;
				ENABLE_TESTABILITY = YES;
				ENABLE_USER_SCRIPT_SANDBOXING = YES;
				GCC_C_LANGUAGE_STANDARD = gnu17;
				GCC_DYNAMIC_NO_PIC = NO;
				GCC_NO_COMMON_BLOCKS = YES;
				GCC_OPTIMIZATION_LEVEL = 0;
				GCC_PREPROCESSOR_DEFINITIONS = (
					"DEBUG=1",
					"$(inherited)",
				);
				GCC_WARN_64_TO_32_BIT_CONVERSION = YES;
				GCC_WARN_ABOUT_RETURN_TYPE = YES_ERROR;
				GCC_WARN_UNDECLARED_SELECTOR = YES;
				GCC_WARN_UNINITIALIZED_AUTOS = YES_AGGRESSIVE;
				GCC_WARN_UNUSED_FUNCTION = YES;
				GCC_WARN_UNUSED_VARIABLE = YES;
				IPHONEOS_DEPLOYMENT_TARGET = 17.2;
				LOCALIZATION_PREFERS_STRING_CATALOGS = YES;
				MTL_ENABLE_DEBUG_INFO = INCLUDE_SOURCE;
				MTL_FAST_MATH = YES;
				ONLY_ACTIVE_ARCH = YES;
				SDKROOT = iphoneos;
				SWIFT_ACTIVE_COMPILATION_CONDITIONS = "DEBUG $(inherited)";
				SWIFT_OPTIMIZATION_LEVEL = "-Onone";
			};
			name = Debug;
		};
		F87160662BEFCB8300229971 /* Release */ = {
			isa = XCBuildConfiguration;
			buildSettings = {
				ALWAYS_SEARCH_USER_PATHS = NO;
				ASSETCATALOG_COMPILER_GENERATE_SWIFT_ASSET_SYMBOL_EXTENSIONS = YES;
				CLANG_ANALYZER_NONNULL = YES;
				CLANG_ANALYZER_NUMBER_OBJECT_CONVERSION = YES_AGGRESSIVE;
				CLANG_CXX_LANGUAGE_STANDARD = "gnu++20";
				CLANG_ENABLE_MODULES = YES;
				CLANG_ENABLE_OBJC_ARC = YES;
				CLANG_ENABLE_OBJC_WEAK = YES;
				CLANG_WARN_BLOCK_CAPTURE_AUTORELEASING = YES;
				CLANG_WARN_BOOL_CONVERSION = YES;
				CLANG_WARN_COMMA = YES;
				CLANG_WARN_CONSTANT_CONVERSION = YES;
				CLANG_WARN_DEPRECATED_OBJC_IMPLEMENTATIONS = YES;
				CLANG_WARN_DIRECT_OBJC_ISA_USAGE = YES_ERROR;
				CLANG_WARN_DOCUMENTATION_COMMENTS = YES;
				CLANG_WARN_EMPTY_BODY = YES;
				CLANG_WARN_ENUM_CONVERSION = YES;
				CLANG_WARN_INFINITE_RECURSION = YES;
				CLANG_WARN_INT_CONVERSION = YES;
				CLANG_WARN_NON_LITERAL_NULL_CONVERSION = YES;
				CLANG_WARN_OBJC_IMPLICIT_RETAIN_SELF = YES;
				CLANG_WARN_OBJC_LITERAL_CONVERSION = YES;
				CLANG_WARN_OBJC_ROOT_CLASS = YES_ERROR;
				CLANG_WARN_QUOTED_INCLUDE_IN_FRAMEWORK_HEADER = YES;
				CLANG_WARN_RANGE_LOOP_ANALYSIS = YES;
				CLANG_WARN_STRICT_PROTOTYPES = YES;
				CLANG_WARN_SUSPICIOUS_MOVE = YES;
				CLANG_WARN_UNGUARDED_AVAILABILITY = YES_AGGRESSIVE;
				CLANG_WARN_UNREACHABLE_CODE = YES;
				CLANG_WARN__DUPLICATE_METHOD_MATCH = YES;
				COPY_PHASE_STRIP = NO;
				DEBUG_INFORMATION_FORMAT = "dwarf-with-dsym";
				DEVELOPMENT_TEAM = YNJLN87BST;
				ENABLE_NS_ASSERTIONS = NO;
				ENABLE_STRICT_OBJC_MSGSEND = YES;
				ENABLE_USER_SCRIPT_SANDBOXING = YES;
				GCC_C_LANGUAGE_STANDARD = gnu17;
				GCC_NO_COMMON_BLOCKS = YES;
				GCC_WARN_64_TO_32_BIT_CONVERSION = YES;
				GCC_WARN_ABOUT_RETURN_TYPE = YES_ERROR;
				GCC_WARN_UNDECLARED_SELECTOR = YES;
				GCC_WARN_UNINITIALIZED_AUTOS = YES_AGGRESSIVE;
				GCC_WARN_UNUSED_FUNCTION = YES;
				GCC_WARN_UNUSED_VARIABLE = YES;
				IPHONEOS_DEPLOYMENT_TARGET = 17.2;
				LOCALIZATION_PREFERS_STRING_CATALOGS = YES;
				MTL_ENABLE_DEBUG_INFO = NO;
				MTL_FAST_MATH = YES;
				SDKROOT = iphoneos;
				SWIFT_COMPILATION_MODE = wholemodule;
				VALIDATE_PRODUCT = YES;
			};
			name = Release;
		};
		F87160682BEFCB8300229971 /* Debug */ = {
			isa = XCBuildConfiguration;
			buildSettings = {
				ASSETCATALOG_COMPILER_APPICON_NAME = AppIcon;
				ASSETCATALOG_COMPILER_GLOBAL_ACCENT_COLOR_NAME = AccentColor;
				CODE_SIGN_STYLE = Automatic;
				CURRENT_PROJECT_VERSION = 1;
				GENERATE_INFOPLIST_FILE = YES;
				INFOPLIST_FILE = SwipeExample/Info.plist;
				INFOPLIST_KEY_UIApplicationSupportsIndirectInputEvents = YES;
				INFOPLIST_KEY_UILaunchStoryboardName = LaunchScreen;
				INFOPLIST_KEY_UIMainStoryboardFile = Main;
				INFOPLIST_KEY_UISupportedInterfaceOrientations_iPad = "UIInterfaceOrientationPortrait UIInterfaceOrientationPortraitUpsideDown UIInterfaceOrientationLandscapeLeft UIInterfaceOrientationLandscapeRight";
				INFOPLIST_KEY_UISupportedInterfaceOrientations_iPhone = "UIInterfaceOrientationPortrait UIInterfaceOrientationLandscapeLeft UIInterfaceOrientationLandscapeRight";
				IPHONEOS_DEPLOYMENT_TARGET = 15.0;
				LD_RUNPATH_SEARCH_PATHS = (
					"$(inherited)",
					"@executable_path/Frameworks",
				);
				MARKETING_VERSION = 1.0;
				PRODUCT_BUNDLE_IDENTIFIER = wwdc14yh.SwipeExample;
				PRODUCT_NAME = "$(TARGET_NAME)";
				SWIFT_EMIT_LOC_STRINGS = YES;
				SWIFT_STRICT_CONCURRENCY = targeted;
				SWIFT_UPCOMING_FEATURE_GLOBAL_ACTOR_ISOLATED_TYPES_USABILITY = NO;
				SWIFT_UPCOMING_FEATURE_GLOBAL_CONCURRENCY = NO;
				SWIFT_VERSION = 5.0;
				TARGETED_DEVICE_FAMILY = "1,2";
			};
			name = Debug;
		};
		F87160692BEFCB8300229971 /* Release */ = {
			isa = XCBuildConfiguration;
			buildSettings = {
				ASSETCATALOG_COMPILER_APPICON_NAME = AppIcon;
				ASSETCATALOG_COMPILER_GLOBAL_ACCENT_COLOR_NAME = AccentColor;
				CODE_SIGN_STYLE = Automatic;
				CURRENT_PROJECT_VERSION = 1;
				GENERATE_INFOPLIST_FILE = YES;
				INFOPLIST_FILE = SwipeExample/Info.plist;
				INFOPLIST_KEY_UIApplicationSupportsIndirectInputEvents = YES;
				INFOPLIST_KEY_UILaunchStoryboardName = LaunchScreen;
				INFOPLIST_KEY_UIMainStoryboardFile = Main;
				INFOPLIST_KEY_UISupportedInterfaceOrientations_iPad = "UIInterfaceOrientationPortrait UIInterfaceOrientationPortraitUpsideDown UIInterfaceOrientationLandscapeLeft UIInterfaceOrientationLandscapeRight";
				INFOPLIST_KEY_UISupportedInterfaceOrientations_iPhone = "UIInterfaceOrientationPortrait UIInterfaceOrientationLandscapeLeft UIInterfaceOrientationLandscapeRight";
				IPHONEOS_DEPLOYMENT_TARGET = 15.0;
				LD_RUNPATH_SEARCH_PATHS = (
					"$(inherited)",
					"@executable_path/Frameworks",
				);
				MARKETING_VERSION = 1.0;
				PRODUCT_BUNDLE_IDENTIFIER = wwdc14yh.SwipeExample;
				PRODUCT_NAME = "$(TARGET_NAME)";
				SWIFT_EMIT_LOC_STRINGS = YES;
				SWIFT_STRICT_CONCURRENCY = targeted;
				SWIFT_UPCOMING_FEATURE_GLOBAL_ACTOR_ISOLATED_TYPES_USABILITY = NO;
				SWIFT_UPCOMING_FEATURE_GLOBAL_CONCURRENCY = NO;
				SWIFT_VERSION = 5.0;
				TARGETED_DEVICE_FAMILY = "1,2";
			};
			name = Release;
		};
/* End XCBuildConfiguration section */

/* Begin XCConfigurationList section */
		F871604E2BEFCB8200229971 /* Build configuration list for PBXProject "SwipeExample" */ = {
			isa = XCConfigurationList;
			buildConfigurations = (
				F87160652BEFCB8300229971 /* Debug */,
				F87160662BEFCB8300229971 /* Release */,
			);
			defaultConfigurationIsVisible = 0;
			defaultConfigurationName = Release;
		};
		F87160672BEFCB8300229971 /* Build configuration list for PBXNativeTarget "SwipeExample" */ = {
			isa = XCConfigurationList;
			buildConfigurations = (
				F87160682BEFCB8300229971 /* Debug */,
				F87160692BEFCB8300229971 /* Release */,
			);
			defaultConfigurationIsVisible = 0;
			defaultConfigurationName = Release;
		};
/* End XCConfigurationList section */

/* Begin XCSwiftPackageProductDependency section */
		F871C7822BEFCDE10084CDEF /* Swipe */ = {
			isa = XCSwiftPackageProductDependency;
			productName = Swipe;
		};
		F871C7842BEFCDE10084CDEF /* UIComponentSwipe */ = {
			isa = XCSwiftPackageProductDependency;
			productName = UIComponentSwipe;
		};
/* End XCSwiftPackageProductDependency section */
	};
	rootObject = F871604B2BEFCB8200229971 /* Project object */;
}
